// !$*UTF8*$!
{
	archiveVersion = 1;
	classes = {
	};
	objectVersion = 56;
	objects = {

/* Begin PBXBuildFile section */
		7513DE0A2A4B8DC400451329 /* Tech_NewsApp.swift in Sources */ = {isa = PBXBuildFile; fileRef = 7513DE092A4B8DC400451329 /* Tech_NewsApp.swift */; };
		7513DE0C2A4B8DC400451329 /* ContentView.swift in Sources */ = {isa = PBXBuildFile; fileRef = 7513DE0B2A4B8DC400451329 /* ContentView.swift */; };
		7513DE0E2A4B8DC500451329 /* Assets.xcassets in Resources */ = {isa = PBXBuildFile; fileRef = 7513DE0D2A4B8DC500451329 /* Assets.xcassets */; };
		7513DE112A4B8DC500451329 /* Preview Assets.xcassets in Resources */ = {isa = PBXBuildFile; fileRef = 7513DE102A4B8DC500451329 /* Preview Assets.xcassets */; };
		7513DE1A2A4B95C100451329 /* HitpostData.swift in Sources */ = {isa = PBXBuildFile; fileRef = 7513DE192A4B95C100451329 /* HitpostData.swift */; };
		7513DE1C2A4B9A3800451329 /* NetworkManager.swift in Sources */ = {isa = PBXBuildFile; fileRef = 7513DE1B2A4B9A3800451329 /* NetworkManager.swift */; };
		7513DE1E2A4BA7DE00451329 /* DetailView.swift in Sources */ = {isa = PBXBuildFile; fileRef = 7513DE1D2A4BA7DE00451329 /* DetailView.swift */; };
		7513DE202A4BA96200451329 /* WebView.swift in Sources */ = {isa = PBXBuildFile; fileRef = 7513DE1F2A4BA96200451329 /* WebView.swift */; };
/* End PBXBuildFile section */

/* Begin PBXFileReference section */
		7513DE062A4B8DC400451329 /* Tech News.app */ = {isa = PBXFileReference; explicitFileType = wrapper.application; includeInIndex = 0; path = "Tech News.app"; sourceTree = BUILT_PRODUCTS_DIR; };
		7513DE092A4B8DC400451329 /* Tech_NewsApp.swift */ = {isa = PBXFileReference; lastKnownFileType = sourcecode.swift; path = Tech_NewsApp.swift; sourceTree = "<group>"; };
		7513DE0B2A4B8DC400451329 /* ContentView.swift */ = {isa = PBXFileReference; lastKnownFileType = sourcecode.swift; path = ContentView.swift; sourceTree = "<group>"; };
		7513DE0D2A4B8DC500451329 /* Assets.xcassets */ = {isa = PBXFileReference; lastKnownFileType = folder.assetcatalog; path = Assets.xcassets; sourceTree = "<group>"; };
		7513DE102A4B8DC500451329 /* Preview Assets.xcassets */ = {isa = PBXFileReference; lastKnownFileType = folder.assetcatalog; path = "Preview Assets.xcassets"; sourceTree = "<group>"; };
		7513DE192A4B95C100451329 /* HitpostData.swift */ = {isa = PBXFileReference; lastKnownFileType = sourcecode.swift; path = HitpostData.swift; sourceTree = "<group>"; };
		7513DE1B2A4B9A3800451329 /* NetworkManager.swift */ = {isa = PBXFileReference; lastKnownFileType = sourcecode.swift; path = NetworkManager.swift; sourceTree = "<group>"; };
		7513DE1D2A4BA7DE00451329 /* DetailView.swift */ = {isa = PBXFileReference; lastKnownFileType = sourcecode.swift; path = DetailView.swift; sourceTree = "<group>"; };
		7513DE1F2A4BA96200451329 /* WebView.swift */ = {isa = PBXFileReference; lastKnownFileType = sourcecode.swift; path = WebView.swift; sourceTree = "<group>"; };
/* End PBXFileReference section */

/* Begin PBXFrameworksBuildPhase section */
		7513DE032A4B8DC400451329 /* Frameworks */ = {
			isa = PBXFrameworksBuildPhase;
			buildActionMask = 2147483647;
			files = (
			);
			runOnlyForDeploymentPostprocessing = 0;
		};
/* End PBXFrameworksBuildPhase section */

/* Begin PBXGroup section */
		7513DDFD2A4B8DC400451329 = {
			isa = PBXGroup;
			children = (
				7513DE082A4B8DC400451329 /* Tech News */,
				7513DE072A4B8DC400451329 /* Products */,
			);
			sourceTree = "<group>";
		};
		7513DE072A4B8DC400451329 /* Products */ = {
			isa = PBXGroup;
			children = (
				7513DE062A4B8DC400451329 /* Tech News.app */,
			);
			name = Products;
			sourceTree = "<group>";
		};
		7513DE082A4B8DC400451329 /* Tech News */ = {
			isa = PBXGroup;
			children = (
				7513DE092A4B8DC400451329 /* Tech_NewsApp.swift */,
				7513DE182A4B95A500451329 /* Model */,
				7513DE172A4B92AA00451329 /* Views */,
				7513DE0D2A4B8DC500451329 /* Assets.xcassets */,
				7513DE0F2A4B8DC500451329 /* Preview Content */,
			);
			path = "Tech News";
			sourceTree = "<group>";
		};
		7513DE0F2A4B8DC500451329 /* Preview Content */ = {
			isa = PBXGroup;
			children = (
				7513DE102A4B8DC500451329 /* Preview Assets.xcassets */,
			);
			path = "Preview Content";
			sourceTree = "<group>";
		};
		7513DE172A4B92AA00451329 /* Views */ = {
			isa = PBXGroup;
			children = (
				7513DE0B2A4B8DC400451329 /* ContentView.swift */,
				7513DE1D2A4BA7DE00451329 /* DetailView.swift */,
				7513DE1F2A4BA96200451329 /* WebView.swift */,
			);
			path = Views;
			sourceTree = "<group>";
		};
		7513DE182A4B95A500451329 /* Model */ = {
			isa = PBXGroup;
			children = (
				7513DE1B2A4B9A3800451329 /* NetworkManager.swift */,
				7513DE192A4B95C100451329 /* HitpostData.swift */,
			);
			path = Model;
			sourceTree = "<group>";
		};
/* End PBXGroup section */

/* Begin PBXNativeTarget section */
		7513DE052A4B8DC400451329 /* Tech News */ = {
			isa = PBXNativeTarget;
			buildConfigurationList = 7513DE142A4B8DC500451329 /* Build configuration list for PBXNativeTarget "Tech News" */;
			buildPhases = (
				7513DE022A4B8DC400451329 /* Sources */,
				7513DE032A4B8DC400451329 /* Frameworks */,
				7513DE042A4B8DC400451329 /* Resources */,
			);
			buildRules = (
			);
			dependencies = (
			);
			name = "Tech News";
			productName = "Tech News";
			productReference = 7513DE062A4B8DC400451329 /* Tech News.app */;
			productType = "com.apple.product-type.application";
		};
/* End PBXNativeTarget section */

/* Begin PBXProject section */
		7513DDFE2A4B8DC400451329 /* Project object */ = {
			isa = PBXProject;
			attributes = {
				BuildIndependentTargetsInParallel = 1;
				LastSwiftUpdateCheck = 1420;
				LastUpgradeCheck = 1420;
				TargetAttributes = {
					7513DE052A4B8DC400451329 = {
						CreatedOnToolsVersion = 14.2;
					};
				};
			};
			buildConfigurationList = 7513DE012A4B8DC400451329 /* Build configuration list for PBXProject "Tech News" */;
			compatibilityVersion = "Xcode 14.0";
			developmentRegion = en;
			hasScannedForEncodings = 0;
			knownRegions = (
				en,
				Base,
			);
			mainGroup = 7513DDFD2A4B8DC400451329;
			productRefGroup = 7513DE072A4B8DC400451329 /* Products */;
			projectDirPath = "";
			projectRoot = "";
			targets = (
				7513DE052A4B8DC400451329 /* Tech News */,
			);
		};
/* End PBXProject section */

/* Begin PBXResourcesBuildPhase section */
		7513DE042A4B8DC400451329 /* Resources */ = {
			isa = PBXResourcesBuildPhase;
			buildActionMask = 2147483647;
			files = (
				7513DE112A4B8DC500451329 /* Preview Assets.xcassets in Resources */,
				7513DE0E2A4B8DC500451329 /* Assets.xcassets in Resources */,
			);
			runOnlyForDeploymentPostprocessing = 0;
		};
/* End PBXResourcesBuildPhase section */

/* Begin PBXSourcesBuildPhase section */
		7513DE022A4B8DC400451329 /* Sources */ = {
			isa = PBXSourcesBuildPhase;
			buildActionMask = 2147483647;
			files = (
				7513DE1A2A4B95C100451329 /* HitpostData.swift in Sources */,
				7513DE1E2A4BA7DE00451329 /* DetailView.swift in Sources */,
				7513DE1C2A4B9A3800451329 /* NetworkManager.swift in Sources */,
				7513DE0C2A4B8DC400451329 /* ContentView.swift in Sources */,
				7513DE0A2A4B8DC400451329 /* Tech_NewsApp.swift in Sources */,
				7513DE202A4BA96200451329 /* WebView.swift in Sources */,
			);
			runOnlyForDeploymentPostprocessing = 0;
		};
/* End PBXSourcesBuildPhase section */

/* Begin XCBuildConfiguration section */
		7513DE122A4B8DC500451329 /* Debug */ = {
			isa = XCBuildConfiguration;
			buildSettings = {
				ALWAYS_SEARCH_USER_PATHS = NO;
				CLANG_ANALYZER_NONNULL = YES;
				CLANG_ANALYZER_NUMBER_OBJECT_CONVERSION = YES_AGGRESSIVE;
				CLANG_CXX_LANGUAGE_STANDARD = "gnu++20";
				CLANG_ENABLE_MODULES = YES;
				CLANG_ENABLE_OBJC_ARC = YES;
				CLANG_ENABLE_OBJC_WEAK = YES;
				CLANG_WARN_BLOCK_CAPTURE_AUTORELEASING = YES;
				CLANG_WARN_BOOL_CONVERSION = YES;
				CLANG_WARN_COMMA = YES;
				CLANG_WARN_CONSTANT_CONVERSION = YES;
				CLANG_WARN_DEPRECATED_OBJC_IMPLEMENTATIONS = YES;
				CLANG_WARN_DIRECT_OBJC_ISA_USAGE = YES_ERROR;
				CLANG_WARN_DOCUMENTATION_COMMENTS = YES;
				CLANG_WARN_EMPTY_BODY = YES;
				CLANG_WARN_ENUM_CONVERSION = YES;
				CLANG_WARN_INFINITE_RECURSION = YES;
				CLANG_WARN_INT_CONVERSION = YES;
				CLANG_WARN_NON_LITERAL_NULL_CONVERSION = YES;
				CLANG_WARN_OBJC_IMPLICIT_RETAIN_SELF = YES;
				CLANG_WARN_OBJC_LITERAL_CONVERSION = YES;
				CLANG_WARN_OBJC_ROOT_CLASS = YES_ERROR;
				CLANG_WARN_QUOTED_INCLUDE_IN_FRAMEWORK_HEADER = YES;
				CLANG_WARN_RANGE_LOOP_ANALYSIS = YES;
				CLANG_WARN_STRICT_PROTOTYPES = YES;
				CLANG_WARN_SUSPICIOUS_MOVE = YES;
				CLANG_WARN_UNGUARDED_AVAILABILITY = YES_AGGRESSIVE;
				CLANG_WARN_UNREACHABLE_CODE = YES;
				CLANG_WARN__DUPLICATE_METHOD_MATCH = YES;
				COPY_PHASE_STRIP = NO;
				DEBUG_INFORMATION_FORMAT = dwarf;
				ENABLE_STRICT_OBJC_MSGSEND = YES;
				ENABLE_TESTABILITY = YES;
				GCC_C_LANGUAGE_STANDARD = gnu11;
				GCC_DYNAMIC_NO_PIC = NO;
				GCC_NO_COMMON_BLOCKS = YES;
				GCC_OPTIMIZATION_LEVEL = 0;
				GCC_PREPROCESSOR_DEFINITIONS = (
					"DEBUG=1",
					"$(inherited)",
				);
				GCC_WARN_64_TO_32_BIT_CONVERSION = YES;
				GCC_WARN_ABOUT_RETURN_TYPE = YES_ERROR;
				GCC_WARN_UNDECLARED_SELECTOR = YES;
				GCC_WARN_UNINITIALIZED_AUTOS = YES_AGGRESSIVE;
				GCC_WARN_UNUSED_FUNCTION = YES;
				GCC_WARN_UNUSED_VARIABLE = YES;
				IPHONEOS_DEPLOYMENT_TARGET = 16.2;
				MTL_ENABLE_DEBUG_INFO = INCLUDE_SOURCE;
				MTL_FAST_MATH = YES;
				ONLY_ACTIVE_ARCH = YES;
				SDKROOT = iphoneos;
				SWIFT_ACTIVE_COMPILATION_CONDITIONS = DEBUG;
				SWIFT_OPTIMIZATION_LEVEL = "-Onone";
			};
			name = Debug;
		};
		7513DE132A4B8DC500451329 /* Release */ = {
			isa = XCBuildConfiguration;
			buildSettings = {
				ALWAYS_SEARCH_USER_PATHS = NO;
				CLANG_ANALYZER_NONNULL = YES;
				CLANG_ANALYZER_NUMBER_OBJECT_CONVERSION = YES_AGGRESSIVE;
				CLANG_CXX_LANGUAGE_STANDARD = "gnu++20";
				CLANG_ENABLE_MODULES = YES;
				CLANG_ENABLE_OBJC_ARC = YES;
				CLANG_ENABLE_OBJC_WEAK = YES;
				CLANG_WARN_BLOCK_CAPTURE_AUTORELEASING = YES;
				CLANG_WARN_BOOL_CONVERSION = YES;
				CLANG_WARN_COMMA = YES;
				CLANG_WARN_CONSTANT_CONVERSION = YES;
				CLANG_WARN_DEPRECATED_OBJC_IMPLEMENTATIONS = YES;
				CLANG_WARN_DIRECT_OBJC_ISA_USAGE = YES_ERROR;
				CLANG_WARN_DOCUMENTATION_COMMENTS = YES;
				CLANG_WARN_EMPTY_BODY = YES;
				CLANG_WARN_ENUM_CONVERSION = YES;
				CLANG_WARN_INFINITE_RECURSION = YES;
				CLANG_WARN_INT_CONVERSION = YES;
				CLANG_WARN_NON_LITERAL_NULL_CONVERSION = YES;
				CLANG_WARN_OBJC_IMPLICIT_RETAIN_SELF = YES;
				CLANG_WARN_OBJC_LITERAL_CONVERSION = YES;
				CLANG_WARN_OBJC_ROOT_CLASS = YES_ERROR;
				CLANG_WARN_QUOTED_INCLUDE_IN_FRAMEWORK_HEADER = YES;
				CLANG_WARN_RANGE_LOOP_ANALYSIS = YES;
				CLANG_WARN_STRICT_PROTOTYPES = YES;
				CLANG_WARN_SUSPICIOUS_MOVE = YES;
				CLANG_WARN_UNGUARDED_AVAILABILITY = YES_AGGRESSIVE;
				CLANG_WARN_UNREACHABLE_CODE = YES;
				CLANG_WARN__DUPLICATE_METHOD_MATCH = YES;
				COPY_PHASE_STRIP = NO;
				DEBUG_INFORMATION_FORMAT = "dwarf-with-dsym";
				ENABLE_NS_ASSERTIONS = NO;
				ENABLE_STRICT_OBJC_MSGSEND = YES;
				GCC_C_LANGUAGE_STANDARD = gnu11;
				GCC_NO_COMMON_BLOCKS = YES;
				GCC_WARN_64_TO_32_BIT_CONVERSION = YES;
				GCC_WARN_ABOUT_RETURN_TYPE = YES_ERROR;
				GCC_WARN_UNDECLARED_SELECTOR = YES;
				GCC_WARN_UNINITIALIZED_AUTOS = YES_AGGRESSIVE;
				GCC_WARN_UNUSED_FUNCTION = YES;
				GCC_WARN_UNUSED_VARIABLE = YES;
				IPHONEOS_DEPLOYMENT_TARGET = 16.2;
				MTL_ENABLE_DEBUG_INFO = NO;
				MTL_FAST_MATH = YES;
				SDKROOT = iphoneos;
				SWIFT_COMPILATION_MODE = wholemodule;
				SWIFT_OPTIMIZATION_LEVEL = "-O";
				VALIDATE_PRODUCT = YES;
			};
			name = Release;
		};
		7513DE152A4B8DC500451329 /* Debug */ = {
			isa = XCBuildConfiguration;
			buildSettings = {
				ASSETCATALOG_COMPILER_APPICON_NAME = AppIcon;
				ASSETCATALOG_COMPILER_GLOBAL_ACCENT_COLOR_NAME = AccentColor;
				CODE_SIGN_STYLE = Automatic;
				CURRENT_PROJECT_VERSION = 1;
				DEVELOPMENT_ASSET_PATHS = "\"Tech News/Preview Content\"";
				DEVELOPMENT_TEAM = BM8QY8MB2X;
				ENABLE_PREVIEWS = YES;
				GENERATE_INFOPLIST_FILE = YES;
				INFOPLIST_KEY_UIApplicationSceneManifest_Generation = YES;
				INFOPLIST_KEY_UIApplicationSupportsIndirectInputEvents = YES;
				INFOPLIST_KEY_UILaunchScreen_Generation = YES;
				INFOPLIST_KEY_UISupportedInterfaceOrientations_iPad = "UIInterfaceOrientationPortrait UIInterfaceOrientationPortraitUpsideDown UIInterfaceOrientationLandscapeLeft UIInterfaceOrientationLandscapeRight";
				INFOPLIST_KEY_UISupportedInterfaceOrientations_iPhone = "UIInterfaceOrientationPortrait UIInterfaceOrientationLandscapeLeft UIInterfaceOrientationLandscapeRight";
				LD_RUNPATH_SEARCH_PATHS = (
					"$(inherited)",
					"@executable_path/Frameworks",
				);
				MARKETING_VERSION = 1.0;
				PRODUCT_BUNDLE_IDENTIFIER = "willHCodes.Tech-News";
				PRODUCT_NAME = "$(TARGET_NAME)";
				SWIFT_EMIT_LOC_STRINGS = YES;
				SWIFT_VERSION = 5.0;
				TARGETED_DEVICE_FAMILY = "1,2";
			};
			name = Debug;
		};
		7513DE162A4B8DC500451329 /* Release */ = {
			isa = XCBuildConfiguration;
			buildSettings = {
				ASSETCATALOG_COMPILER_APPICON_NAME = AppIcon;
				ASSETCATALOG_COMPILER_GLOBAL_ACCENT_COLOR_NAME = AccentColor;
				CODE_SIGN_STYLE = Automatic;
				CURRENT_PROJECT_VERSION = 1;
				DEVELOPMENT_ASSET_PATHS = "\"Tech News/Preview Content\"";
				DEVELOPMENT_TEAM = BM8QY8MB2X;
				ENABLE_PREVIEWS = YES;
				GENERATE_INFOPLIST_FILE = YES;
				INFOPLIST_KEY_UIApplicationSceneManifest_Generation = YES;
				INFOPLIST_KEY_UIApplicationSupportsIndirectInputEvents = YES;
				INFOPLIST_KEY_UILaunchScreen_Generation = YES;
				INFOPLIST_KEY_UISupportedInterfaceOrientations_iPad = "UIInterfaceOrientationPortrait UIInterfaceOrientationPortraitUpsideDown UIInterfaceOrientationLandscapeLeft UIInterfaceOrientationLandscapeRight";
				INFOPLIST_KEY_UISupportedInterfaceOrientations_iPhone = "UIInterfaceOrientationPortrait UIInterfaceOrientationLandscapeLeft UIInterfaceOrientationLandscapeRight";
				LD_RUNPATH_SEARCH_PATHS = (
					"$(inherited)",
					"@executable_path/Frameworks",
				);
				MARKETING_VERSION = 1.0;
				PRODUCT_BUNDLE_IDENTIFIER = "willHCodes.Tech-News";
				PRODUCT_NAME = "$(TARGET_NAME)";
				SWIFT_EMIT_LOC_STRINGS = YES;
				SWIFT_VERSION = 5.0;
				TARGETED_DEVICE_FAMILY = "1,2";
			};
			name = Release;
		};
/* End XCBuildConfiguration section */

/* Begin XCConfigurationList section */
		7513DE012A4B8DC400451329 /* Build configuration list for PBXProject "Tech News" */ = {
			isa = XCConfigurationList;
			buildConfigurations = (
				7513DE122A4B8DC500451329 /* Debug */,
				7513DE132A4B8DC500451329 /* Release */,
			);
			defaultConfigurationIsVisible = 0;
			defaultConfigurationName = Release;
		};
		7513DE142A4B8DC500451329 /* Build configuration list for PBXNativeTarget "Tech News" */ = {
			isa = XCConfigurationList;
			buildConfigurations = (
				7513DE152A4B8DC500451329 /* Debug */,
				7513DE162A4B8DC500451329 /* Release */,
			);
			defaultConfigurationIsVisible = 0;
			defaultConfigurationName = Release;
		};
/* End XCConfigurationList section */
	};
	rootObject = 7513DDFE2A4B8DC400451329 /* Project object */;
}
